
Microsoft Visual Studio Solution File, Format Version 12.00
# Visual Studio Version 16
VisualStudioVersion = 16.0.30907.101
MinimumVisualStudioVersion = 10.0.40219.1
Project("{FAE04EC0-301F-11D3-BF4B-00C04F79EFBC}") = "SanaAll.Web", "SanaAll.Web\SanaAll.Web.csproj", "{5095BF57-6708-4DD4-AA57-0C4E397C834C}"
EndProject
Project("{FAE04EC0-301F-11D3-BF4B-00C04F79EFBC}") = "SanaAll.Core", "SanaAll.Core\SanaAll.Core.csproj", "{84982D95-C454-473D-8066-E7A163A24314}"
EndProject
Global
	GlobalSection(SolutionConfigurationPlatforms) = preSolution
		Debug|Any CPU = Debug|Any CPU
		Release|Any CPU = Release|Any CPU
	EndGlobalSection
	GlobalSection(ProjectConfigurationPlatforms) = postSolution
		{5095BF57-6708-4DD4-AA57-0C4E397C834C}.Debug|Any CPU.ActiveCfg = Debug|Any CPU
		{5095BF57-6708-4DD4-AA57-0C4E397C834C}.Debug|Any CPU.Build.0 = Debug|Any CPU
		{5095BF57-6708-4DD4-AA57-0C4E397C834C}.Release|Any CPU.ActiveCfg = Release|Any CPU
		{5095BF57-6708-4DD4-AA57-0C4E397C834C}.Release|Any CPU.Build.0 = Release|Any CPU
		{84982D95-C454-473D-8066-E7A163A24314}.Debug|Any CPU.ActiveCfg = Debug|Any CPU
		{84982D95-C454-473D-8066-E7A163A24314}.Debug|Any CPU.Build.0 = Debug|Any CPU
		{84982D95-C454-473D-8066-E7A163A24314}.Release|Any CPU.ActiveCfg = Release|Any CPU
		{84982D95-C454-473D-8066-E7A163A24314}.Release|Any CPU.Build.0 = Release|Any CPU
	EndGlobalSection
	GlobalSection(SolutionProperties) = preSolution
		HideSolutionNode = FALSE
	EndGlobalSection
	GlobalSection(ExtensibilityGlobals) = postSolution
		SolutionGuid = {7F42B953-981A-489A-89F3-26ED87FAA55C}
	EndGlobalSection
EndGlobal
